<?xml version="1.0" encoding="utf-8"?>
<Project ToolsVersion="4.0" xmlns="http://schemas.microsoft.com/developer/msbuild/2003">
  <ItemGroup>
    <Filter Include="Memory">
      <UniqueIdentifier>{23cda96b-c3b0-49ca-9a0f-4064f1b3c36a}</UniqueIdentifier>
    </Filter>
    <Filter Include="Util">
      <UniqueIdentifier>{e14e2691-4295-435a-8cc7-0990944688c1}</UniqueIdentifier>
    </Filter>
    <Filter Include="Assert">
      <UniqueIdentifier>{27795808-9df2-4be0-bf9e-49d11fdfa509}</UniqueIdentifier>
    </Filter>
    <Filter Include="Memory\MemoryArena">
      <UniqueIdentifier>{9dd78bc8-9ac8-4b89-a1e2-59fff938511b}</UniqueIdentifier>
    </Filter>
    <Filter Include="Thread">
      <UniqueIdentifier>{54af76e6-f0d0-4e4f-9bdb-54256b0c5a95}</UniqueIdentifier>
    </Filter>
    <Filter Include="Thread\Platforms">
      <UniqueIdentifier>{7f2812d5-cb24-4d0f-82b7-5a06de0f2ecd}</UniqueIdentifier>
    </Filter>
    <Filter Include="Log">
      <UniqueIdentifier>{ba9484f7-4ae1-4180-beaa-c63299e329f0}</UniqueIdentifier>
    </Filter>
    <Filter Include="Memory\Memory Logger">
      <UniqueIdentifier>{a62965f7-a983-4b3b-ba9e-05a3d3e63ef6}</UniqueIdentifier>
    </Filter>
    <Filter Include="Memory\Allocator">
      <UniqueIdentifier>{816b6909-218c-4243-88e4-3b69d7e20133}</UniqueIdentifier>
    </Filter>
    <Filter Include="Memory\Allocator\AllocPolicy">
      <UniqueIdentifier>{dc8f721e-14ca-4293-8e24-dc1ca4a23533}</UniqueIdentifier>
    </Filter>
    <Filter Include="Containers">
      <UniqueIdentifier>{a5e15e68-dfe8-4dc9-b236-410fc8852cca}</UniqueIdentifier>
    </Filter>
    <Filter Include="Job">
      <UniqueIdentifier>{0a264c09-8aed-4dc8-a8e7-ad048750ef26}</UniqueIdentifier>
    </Filter>
  </ItemGroup>
  <ItemGroup>
    <ClInclude Include="H1PlatformUtil.h">
      <Filter>Util</Filter>
    </ClInclude>
    <ClInclude Include="H1MemoryArena.h">
      <Filter>Memory\MemoryArena</Filter>
    </ClInclude>
    <ClInclude Include="H1EnginePrivate.h" />
    <ClInclude Include="H1WorkerThread.h">
      <Filter>Thread</Filter>
    </ClInclude>
    <ClInclude Include="H1PlatformThread.h">
      <Filter>Thread</Filter>
    </ClInclude>
    <ClInclude Include="H1Memory.h">
      <Filter>Memory</Filter>
    </ClInclude>
    <ClInclude Include="H1GlobalSingleton.h" />
    <ClInclude Include="H1RingBuffer.h">
      <Filter>Util</Filter>
    </ClInclude>
    <ClInclude Include="H1MemStack.h">
      <Filter>Memory</Filter>
    </ClInclude>
    <ClInclude Include="H1CompileTimeAssert.h">
      <Filter>Assert</Filter>
    </ClInclude>
    <ClInclude Include="H1CriticalSection.h">
      <Filter>Thread</Filter>
    </ClInclude>
    <ClInclude Include="H1LaunchEngineLoop.h" />
    <ClInclude Include="H1BlockAllocPolicy.h">
      <Filter>Memory\Allocator\AllocPolicy</Filter>
    </ClInclude>
    <ClInclude Include="H1MemoryLogger.h">
      <Filter>Memory\Memory Logger</Filter>
    </ClInclude>
    <ClInclude Include="H1AllocPolicy.h">
      <Filter>Memory\Allocator\AllocPolicy</Filter>
    </ClInclude>
    <ClInclude Include="H1Allocator.h">
      <Filter>Memory\Allocator</Filter>
    </ClInclude>
    <ClInclude Include="H1Logger.h">
      <Filter>Log</Filter>
    </ClInclude>
    <ClInclude Include="H1TaggedPointer.h">
      <Filter>Thread</Filter>
    </ClInclude>
    <ClInclude Include="H1SingleLinkedList.h">
      <Filter>Containers</Filter>
    </ClInclude>
    <ClInclude Include="H1LockFreeStackImpl.h">
      <Filter>Thread</Filter>
    </ClInclude>
    <ClInclude Include="H1LinearAllocPolicy.h">
      <Filter>Memory\Allocator\AllocPolicy</Filter>
    </ClInclude>
    <ClInclude Include="H1BuddyAllocPolicy.h">
      <Filter>Memory\Allocator\AllocPolicy</Filter>
    </ClInclude>
  </ItemGroup>
  <ItemGroup>
    <ClCompile Include="H1PlatformUtilWin32.cpp">
      <Filter>Util</Filter>
    </ClCompile>
    <ClCompile Include="H1MemoryArena.cpp">
      <Filter>Memory\MemoryArena</Filter>
    </ClCompile>
    <ClCompile Include="H1EnginePrivate.cpp" />
    <ClCompile Include="H1PlatformThreadWin32.cpp">
      <Filter>Thread\Platforms</Filter>
    </ClCompile>
    <ClCompile Include="H1PlatformThread.cpp">
      <Filter>Thread</Filter>
    </ClCompile>
    <ClCompile Include="H1GlobalSingleton.cpp" />
    <ClCompile Include="H1WorkerThread.cpp">
      <Filter>Thread</Filter>
    </ClCompile>
    <ClCompile Include="H1LaunchEngineLoop.cpp" />
    <ClCompile Include="H1MemStack.cpp">
      <Filter>Memory</Filter>
    </ClCompile>
  </ItemGroup>
</Project>